
Microsoft Visual Studio Solution File, Format Version 12.00
# Visual Studio Version 17
VisualStudioVersion = 17.3.32811.315
MinimumVisualStudioVersion = 10.0.40219.1
Project("{FAE04EC0-301F-11D3-BF4B-00C04F79EFBC}") = "eprojectinstruct", "eprojectinstruct\eprojectinstruct.csproj", "{318B827D-6E78-4CE8-A0AC-EDA44CFF4158}"
EndProject
Global
	GlobalSection(SolutionConfigurationPlatforms) = preSolution
		Debug|Any CPU = Debug|Any CPU
		Release|Any CPU = Release|Any CPU
	EndGlobalSection
	GlobalSection(ProjectConfigurationPlatforms) = postSolution
		{318B827D-6E78-4CE8-A0AC-EDA44CFF4158}.Debug|Any CPU.ActiveCfg = Debug|Any CPU
		{318B827D-6E78-4CE8-A0AC-EDA44CFF4158}.Debug|Any CPU.Build.0 = Debug|Any CPU
		{318B827D-6E78-4CE8-A0AC-EDA44CFF4158}.Release|Any CPU.ActiveCfg = Release|Any CPU
		{318B827D-6E78-4CE8-A0AC-EDA44CFF4158}.Release|Any CPU.Build.0 = Release|Any CPU
	EndGlobalSection
	GlobalSection(SolutionProperties) = preSolution
		HideSolutionNode = FALSE
	EndGlobalSection
	GlobalSection(ExtensibilityGlobals) = postSolution
		SolutionGuid = {B744459E-7B23-4FE6-B61D-A843A86525E0}
	EndGlobalSection
EndGlobal
